
Microsoft Visual Studio Solution File, Format Version 12.00
# Visual Studio Version 17
VisualStudioVersion = 17.7.34031.279
MinimumVisualStudioVersion = 10.0.40219.1
Project("{FAE04EC0-301F-11D3-BF4B-00C04F79EFBC}") = "If-else", "If-else\If-else.csproj", "{707021CC-E698-4957-8182-219D3F73AF53}"
EndProject
Global
	GlobalSection(SolutionConfigurationPlatforms) = preSolution
		Debug|Any CPU = Debug|Any CPU
		Release|Any CPU = Release|Any CPU
	EndGlobalSection
	GlobalSection(ProjectConfigurationPlatforms) = postSolution
		{707021CC-E698-4957-8182-219D3F73AF53}.Debug|Any CPU.ActiveCfg = Debug|Any CPU
		{707021CC-E698-4957-8182-219D3F73AF53}.Debug|Any CPU.Build.0 = Debug|Any CPU
		{707021CC-E698-4957-8182-219D3F73AF53}.Release|Any CPU.ActiveCfg = Release|Any CPU
		{707021CC-E698-4957-8182-219D3F73AF53}.Release|Any CPU.Build.0 = Release|Any CPU
	EndGlobalSection
	GlobalSection(SolutionProperties) = preSolution
		HideSolutionNode = FALSE
	EndGlobalSection
	GlobalSection(ExtensibilityGlobals) = postSolution
		SolutionGuid = {D21590D7-E517-4463-8129-509A2039F810}
	EndGlobalSection
EndGlobal
